// !$*UTF8*$!
{
	archiveVersion = 1;
	classes = {
	};
	objectVersion = 46;
	objects = {

/* Begin PBXBuildFile section */
		43CCB2CC1CB483A7004F2BE9 /* CounterViewController.swift in Sources */ = {isa = PBXBuildFile; fileRef = 43CCB2CB1CB483A7004F2BE9 /* CounterViewController.swift */; settings = {ASSET_TAGS = (); }; };
		43CCB2CE1CB48DA0004F2BE9 /* item.swift in Sources */ = {isa = PBXBuildFile; fileRef = 43CCB2CD1CB48DA0004F2BE9 /* item.swift */; settings = {ASSET_TAGS = (); }; };
		43CCB2D01CB48F99004F2BE9 /* itemStore.swift in Sources */ = {isa = PBXBuildFile; fileRef = 43CCB2CF1CB48F99004F2BE9 /* itemStore.swift */; settings = {ASSET_TAGS = (); }; };
		91AF5A501CB4820200283E55 /* AppDelegate.swift in Sources */ = {isa = PBXBuildFile; fileRef = 91AF5A4F1CB4820200283E55 /* AppDelegate.swift */; };
		91AF5A551CB4820200283E55 /* Main.storyboard in Resources */ = {isa = PBXBuildFile; fileRef = 91AF5A531CB4820200283E55 /* Main.storyboard */; };
		91AF5A571CB4820200283E55 /* Assets.xcassets in Resources */ = {isa = PBXBuildFile; fileRef = 91AF5A561CB4820200283E55 /* Assets.xcassets */; };
		91AF5A5A1CB4820200283E55 /* LaunchScreen.storyboard in Resources */ = {isa = PBXBuildFile; fileRef = 91AF5A581CB4820200283E55 /* LaunchScreen.storyboard */; };
/* End PBXBuildFile section */

/* Begin PBXFileReference section */
		43CCB2CB1CB483A7004F2BE9 /* CounterViewController.swift */ = {isa = PBXFileReference; fileEncoding = 4; lastKnownFileType = sourcecode.swift; path = CounterViewController.swift; sourceTree = "<group>"; };
		43CCB2CD1CB48DA0004F2BE9 /* item.swift */ = {isa = PBXFileReference; fileEncoding = 4; lastKnownFileType = sourcecode.swift; path = item.swift; sourceTree = "<group>"; };
		43CCB2CF1CB48F99004F2BE9 /* itemStore.swift */ = {isa = PBXFileReference; fileEncoding = 4; lastKnownFileType = sourcecode.swift; path = itemStore.swift; sourceTree = "<group>"; };
		91AF5A4C1CB4820200283E55 /* counter.app */ = {isa = PBXFileReference; explicitFileType = wrapper.application; includeInIndex = 0; path = counter.app; sourceTree = BUILT_PRODUCTS_DIR; };
		91AF5A4F1CB4820200283E55 /* AppDelegate.swift */ = {isa = PBXFileReference; lastKnownFileType = sourcecode.swift; path = AppDelegate.swift; sourceTree = "<group>"; };
		91AF5A541CB4820200283E55 /* Base */ = {isa = PBXFileReference; lastKnownFileType = file.storyboard; name = Base; path = Base.lproj/Main.storyboard; sourceTree = "<group>"; };
		91AF5A561CB4820200283E55 /* Assets.xcassets */ = {isa = PBXFileReference; lastKnownFileType = folder.assetcatalog; path = Assets.xcassets; sourceTree = "<group>"; };
		91AF5A591CB4820200283E55 /* Base */ = {isa = PBXFileReference; lastKnownFileType = file.storyboard; name = Base; path = Base.lproj/LaunchScreen.storyboard; sourceTree = "<group>"; };
		91AF5A5B1CB4820200283E55 /* Info.plist */ = {isa = PBXFileReference; lastKnownFileType = text.plist.xml; path = Info.plist; sourceTree = "<group>"; };
/* End PBXFileReference section */

/* Begin PBXFrameworksBuildPhase section */
		91AF5A491CB4820200283E55 /* Frameworks */ = {
			isa = PBXFrameworksBuildPhase;
			buildActionMask = 2147483647;
			files = (
			);
			runOnlyForDeploymentPostprocessing = 0;
		};
/* End PBXFrameworksBuildPhase section */

/* Begin PBXGroup section */
		91AF5A431CB4820200283E55 = {
			isa = PBXGroup;
			children = (
				91AF5A4E1CB4820200283E55 /* counter */,
				91AF5A4D1CB4820200283E55 /* Products */,
			);
			sourceTree = "<group>";
		};
		91AF5A4D1CB4820200283E55 /* Products */ = {
			isa = PBXGroup;
			children = (
				91AF5A4C1CB4820200283E55 /* counter.app */,
			);
			name = Products;
			sourceTree = "<group>";
		};
		91AF5A4E1CB4820200283E55 /* counter */ = {
			isa = PBXGroup;
			children = (
				91AF5A4F1CB4820200283E55 /* AppDelegate.swift */,
				43CCB2CD1CB48DA0004F2BE9 /* item.swift */,
				43CCB2CF1CB48F99004F2BE9 /* itemStore.swift */,
				43CCB2CB1CB483A7004F2BE9 /* CounterViewController.swift */,
				91AF5A531CB4820200283E55 /* Main.storyboard */,
				91AF5A561CB4820200283E55 /* Assets.xcassets */,
				91AF5A581CB4820200283E55 /* LaunchScreen.storyboard */,
				91AF5A5B1CB4820200283E55 /* Info.plist */,
			);
			path = counter;
			sourceTree = "<group>";
		};
/* End PBXGroup section */

/* Begin PBXNativeTarget section */
		91AF5A4B1CB4820200283E55 /* counter */ = {
			isa = PBXNativeTarget;
			buildConfigurationList = 91AF5A5E1CB4820200283E55 /* Build configuration list for PBXNativeTarget "counter" */;
			buildPhases = (
				91AF5A481CB4820200283E55 /* Sources */,
				91AF5A491CB4820200283E55 /* Frameworks */,
				91AF5A4A1CB4820200283E55 /* Resources */,
			);
			buildRules = (
			);
			dependencies = (
			);
			name = counter;
			productName = counter;
			productReference = 91AF5A4C1CB4820200283E55 /* counter.app */;
			productType = "com.apple.product-type.application";
		};
/* End PBXNativeTarget section */

/* Begin PBXProject section */
		91AF5A441CB4820200283E55 /* Project object */ = {
			isa = PBXProject;
			attributes = {
				LastSwiftUpdateCheck = 0720;
				LastUpgradeCheck = 0720;
				ORGANIZATIONNAME = Yuchi;
				TargetAttributes = {
					91AF5A4B1CB4820200283E55 = {
						CreatedOnToolsVersion = 7.2.1;
					};
				};
			};
			buildConfigurationList = 91AF5A471CB4820200283E55 /* Build configuration list for PBXProject "counter" */;
			compatibilityVersion = "Xcode 3.2";
			developmentRegion = English;
			hasScannedForEncodings = 0;
			knownRegions = (
				en,
				Base,
			);
			mainGroup = 91AF5A431CB4820200283E55;
			productRefGroup = 91AF5A4D1CB4820200283E55 /* Products */;
			projectDirPath = "";
			projectRoot = "";
			targets = (
				91AF5A4B1CB4820200283E55 /* counter */,
			);
		};
/* End PBXProject section */

/* Begin PBXResourcesBuildPhase section */
		91AF5A4A1CB4820200283E55 /* Resources */ = {
			isa = PBXResourcesBuildPhase;
			buildActionMask = 2147483647;
			files = (
				91AF5A5A1CB4820200283E55 /* LaunchScreen.storyboard in Resources */,
				91AF5A571CB4820200283E55 /* Assets.xcassets in Resources */,
				91AF5A551CB4820200283E55 /* Main.storyboard in Resources */,
			);
			runOnlyForDeploymentPostprocessing = 0;
		};
/* End PBXResourcesBuildPhase section */

/* Begin PBXSourcesBuildPhase section */
		91AF5A481CB4820200283E55 /* Sources */ = {
			isa = PBXSourcesBuildPhase;
			buildActionMask = 2147483647;
			files = (
				43CCB2CC1CB483A7004F2BE9 /* CounterViewController.swift in Sources */,
				43CCB2CE1CB48DA0004F2BE9 /* item.swift in Sources */,
				43CCB2D01CB48F99004F2BE9 /* itemStore.swift in Sources */,
				91AF5A501CB4820200283E55 /* AppDelegate.swift in Sources */,
			);
			runOnlyForDeploymentPostprocessing = 0;
		};
/* End PBXSourcesBuildPhase section */

/* Begin PBXVariantGroup section */
		91AF5A531CB4820200283E55 /* Main.storyboard */ = {
			isa = PBXVariantGroup;
			children = (
				91AF5A541CB4820200283E55 /* Base */,
			);
			name = Main.storyboard;
			sourceTree = "<group>";
		};
		91AF5A581CB4820200283E55 /* LaunchScreen.storyboard */ = {
			isa = PBXVariantGroup;
			children = (
				91AF5A591CB4820200283E55 /* Base */,
			);
			name = LaunchScreen.storyboard;
			sourceTree = "<group>";
		};
/* End PBXVariantGroup section */

/* Begin XCBuildConfiguration section */
		91AF5A5C1CB4820200283E55 /* Debug */ = {
			isa = XCBuildConfiguration;
			buildSettings = {
				ALWAYS_SEARCH_USER_PATHS = NO;
				CLANG_CXX_LANGUAGE_STANDARD = "gnu++0x";
				CLANG_CXX_LIBRARY = "libc++";
				CLANG_ENABLE_MODULES = YES;
				CLANG_ENABLE_OBJC_ARC = YES;
				CLANG_WARN_BOOL_CONVERSION = YES;
				CLANG_WARN_CONSTANT_CONVERSION = YES;
				CLANG_WARN_DIRECT_OBJC_ISA_USAGE = YES_ERROR;
				CLANG_WARN_EMPTY_BODY = YES;
				CLANG_WARN_ENUM_CONVERSION = YES;
				CLANG_WARN_INT_CONVERSION = YES;
				CLANG_WARN_OBJC_ROOT_CLASS = YES_ERROR;
				CLANG_WARN_UNREACHABLE_CODE = YES;
				CLANG_WARN__DUPLICATE_METHOD_MATCH = YES;
				"CODE_SIGN_IDENTITY[sdk=iphoneos*]" = "iPhone Developer";
				COPY_PHASE_STRIP = NO;
				DEBUG_INFORMATION_FORMAT = dwarf;
				ENABLE_STRICT_OBJC_MSGSEND = YES;
				ENABLE_TESTABILITY = YES;
				GCC_C_LANGUAGE_STANDARD = gnu99;
				GCC_DYNAMIC_NO_PIC = NO;
				GCC_NO_COMMON_BLOCKS = YES;
				GCC_OPTIMIZATION_LEVEL = 0;
				GCC_PREPROCESSOR_DEFINITIONS = (
					"DEBUG=1",
					"$(inherited)",
				);
				GCC_WARN_64_TO_32_BIT_CONVERSION = YES;
				GCC_WARN_ABOUT_RETURN_TYPE = YES_ERROR;
				GCC_WARN_UNDECLARED_SELECTOR = YES;
				GCC_WARN_UNINITIALIZED_AUTOS = YES_AGGRESSIVE;
				GCC_WARN_UNUSED_FUNCTION = YES;
				GCC_WARN_UNUSED_VARIABLE = YES;
				IPHONEOS_DEPLOYMENT_TARGET = 9.2;
				MTL_ENABLE_DEBUG_INFO = YES;
				ONLY_ACTIVE_ARCH = YES;
				SDKROOT = iphoneos;
				SWIFT_OPTIMIZATION_LEVEL = "-Onone";
			};
			name = Debug;
		};
		91AF5A5D1CB4820200283E55 /* Release */ = {
			isa = XCBuildConfiguration;
			buildSettings = {
				ALWAYS_SEARCH_USER_PATHS = NO;
				CLANG_CXX_LANGUAGE_STANDARD = "gnu++0x";
				CLANG_CXX_LIBRARY = "libc++";
				CLANG_ENABLE_MODULES = YES;
				CLANG_ENABLE_OBJC_ARC = YES;
				CLANG_WARN_BOOL_CONVERSION = YES;
				CLANG_WARN_CONSTANT_CONVERSION = YES;
				CLANG_WARN_DIRECT_OBJC_ISA_USAGE = YES_ERROR;
				CLANG_WARN_EMPTY_BODY = YES;
				CLANG_WARN_ENUM_CONVERSION = YES;
				CLANG_WARN_INT_CONVERSION = YES;
				CLANG_WARN_OBJC_ROOT_CLASS = YES_ERROR;
				CLANG_WARN_UNREACHABLE_CODE = YES;
				CLANG_WARN__DUPLICATE_METHOD_MATCH = YES;
				"CODE_SIGN_IDENTITY[sdk=iphoneos*]" = "iPhone Developer";
				COPY_PHASE_STRIP = NO;
				DEBUG_INFORMATION_FORMAT = "dwarf-with-dsym";
				ENABLE_NS_ASSERTIONS = NO;
				ENABLE_STRICT_OBJC_MSGSEND = YES;
				GCC_C_LANGUAGE_STANDARD = gnu99;
				GCC_NO_COMMON_BLOCKS = YES;
				GCC_WARN_64_TO_32_BIT_CONVERSION = YES;
				GCC_WARN_ABOUT_RETURN_TYPE = YES_ERROR;
				GCC_WARN_UNDECLARED_SELECTOR = YES;
				GCC_WARN_UNINITIALIZED_AUTOS = YES_AGGRESSIVE;
				GCC_WARN_UNUSED_FUNCTION = YES;
				GCC_WARN_UNUSED_VARIABLE = YES;
				IPHONEOS_DEPLOYMENT_TARGET = 9.2;
				MTL_ENABLE_DEBUG_INFO = NO;
				SDKROOT = iphoneos;
				VALIDATE_PRODUCT = YES;
			};
			name = Release;
		};
		91AF5A5F1CB4820200283E55 /* Debug */ = {
			isa = XCBuildConfiguration;
			buildSettings = {
				ASSETCATALOG_COMPILER_APPICON_NAME = AppIcon;
				INFOPLIST_FILE = counter/Info.plist;
				IPHONEOS_DEPLOYMENT_TARGET = 9.0;
				LD_RUNPATH_SEARCH_PATHS = "$(inherited) @executable_path/Frameworks";
				PRODUCT_BUNDLE_IDENTIFIER = yuchima.com.counter;
				PRODUCT_NAME = "$(TARGET_NAME)";
				TARGETED_DEVICE_FAMILY = 1;
			};
			name = Debug;
		};
		91AF5A601CB4820200283E55 /* Release */ = {
			isa = XCBuildConfiguration;
			buildSettings = {
				ASSETCATALOG_COMPILER_APPICON_NAME = AppIcon;
				INFOPLIST_FILE = counter/Info.plist;
				IPHONEOS_DEPLOYMENT_TARGET = 9.0;
				LD_RUNPATH_SEARCH_PATHS = "$(inherited) @executable_path/Frameworks";
				PRODUCT_BUNDLE_IDENTIFIER = yuchima.com.counter;
				PRODUCT_NAME = "$(TARGET_NAME)";
				TARGETED_DEVICE_FAMILY = 1;
			};
			name = Release;
		};
/* End XCBuildConfiguration section */

/* Begin XCConfigurationList section */
		91AF5A471CB4820200283E55 /* Build configuration list for PBXProject "counter" */ = {
			isa = XCConfigurationList;
			buildConfigurations = (
				91AF5A5C1CB4820200283E55 /* Debug */,
				91AF5A5D1CB4820200283E55 /* Release */,
			);
			defaultConfigurationIsVisible = 0;
			defaultConfigurationName = Release;
		};
		91AF5A5E1CB4820200283E55 /* Build configuration list for PBXNativeTarget "counter" */ = {
			isa = XCConfigurationList;
			buildConfigurations = (
				91AF5A5F1CB4820200283E55 /* Debug */,
				91AF5A601CB4820200283E55 /* Release */,
			);
			defaultConfigurationIsVisible = 0;
			defaultConfigurationName = Release;
		};
/* End XCConfigurationList section */
	};
	rootObject = 91AF5A441CB4820200283E55 /* Project object */;
}
